// !$*UTF8*$!
{
	archiveVersion = 1;
	classes = {
	};
	objectVersion = 56;
	objects = {

/* Begin PBXBuildFile section */
		F71EC87F29CD122400757791 /* AppDelegate.swift in Sources */ = {isa = PBXBuildFile; fileRef = F71EC87E29CD122400757791 /* AppDelegate.swift */; };
		F71EC88129CD122400757791 /* SceneDelegate.swift in Sources */ = {isa = PBXBuildFile; fileRef = F71EC88029CD122400757791 /* SceneDelegate.swift */; };
		F71EC88329CD122400757791 /* ViewController.swift in Sources */ = {isa = PBXBuildFile; fileRef = F71EC88229CD122400757791 /* ViewController.swift */; };
		F71EC88629CD122400757791 /* Main.storyboard in Resources */ = {isa = PBXBuildFile; fileRef = F71EC88429CD122400757791 /* Main.storyboard */; };
		F71EC88829CD122500757791 /* Assets.xcassets in Resources */ = {isa = PBXBuildFile; fileRef = F71EC88729CD122500757791 /* Assets.xcassets */; };
		F71EC88B29CD122500757791 /* LaunchScreen.storyboard in Resources */ = {isa = PBXBuildFile; fileRef = F71EC88929CD122500757791 /* LaunchScreen.storyboard */; };
		F71EC89429CD125600757791 /* FirebaseAnalytics in Frameworks */ = {isa = PBXBuildFile; productRef = F71EC89329CD125600757791 /* FirebaseAnalytics */; };
		F71EC89629CD125600757791 /* FirebaseAuth in Frameworks */ = {isa = PBXBuildFile; productRef = F71EC89529CD125600757791 /* FirebaseAuth */; };
		F71EC89829CD125600757791 /* FirebaseFirestore in Frameworks */ = {isa = PBXBuildFile; productRef = F71EC89729CD125600757791 /* FirebaseFirestore */; };
		F71EC89A29CD125600757791 /* FirebaseStorage in Frameworks */ = {isa = PBXBuildFile; productRef = F71EC89929CD125600757791 /* FirebaseStorage */; };
		F71EC89C29CDE31700757791 /* GoogleService-Info.plist in Resources */ = {isa = PBXBuildFile; fileRef = F71EC89B29CDE31700757791 /* GoogleService-Info.plist */; };
		F71EC8A429CDE4CF00757791 /* FeedViewController.swift in Sources */ = {isa = PBXBuildFile; fileRef = F71EC8A329CDE4CF00757791 /* FeedViewController.swift */; };
		F71EC8A629CDE58E00757791 /* UploadViewController.swift in Sources */ = {isa = PBXBuildFile; fileRef = F71EC8A529CDE58E00757791 /* UploadViewController.swift */; };
		F71EC8A829CDE5D600757791 /* SettingsViewController.swift in Sources */ = {isa = PBXBuildFile; fileRef = F71EC8A729CDE5D600757791 /* SettingsViewController.swift */; };
/* End PBXBuildFile section */

/* Begin PBXFileReference section */
		F71EC87B29CD122400757791 /* InstaCloneFirebase.app */ = {isa = PBXFileReference; explicitFileType = wrapper.application; includeInIndex = 0; path = InstaCloneFirebase.app; sourceTree = BUILT_PRODUCTS_DIR; };
		F71EC87E29CD122400757791 /* AppDelegate.swift */ = {isa = PBXFileReference; lastKnownFileType = sourcecode.swift; path = AppDelegate.swift; sourceTree = "<group>"; };
		F71EC88029CD122400757791 /* SceneDelegate.swift */ = {isa = PBXFileReference; lastKnownFileType = sourcecode.swift; path = SceneDelegate.swift; sourceTree = "<group>"; };
		F71EC88229CD122400757791 /* ViewController.swift */ = {isa = PBXFileReference; lastKnownFileType = sourcecode.swift; path = ViewController.swift; sourceTree = "<group>"; };
		F71EC88529CD122400757791 /* Base */ = {isa = PBXFileReference; lastKnownFileType = file.storyboard; name = Base; path = Base.lproj/Main.storyboard; sourceTree = "<group>"; };
		F71EC88729CD122500757791 /* Assets.xcassets */ = {isa = PBXFileReference; lastKnownFileType = folder.assetcatalog; path = Assets.xcassets; sourceTree = "<group>"; };
		F71EC88A29CD122500757791 /* Base */ = {isa = PBXFileReference; lastKnownFileType = file.storyboard; name = Base; path = Base.lproj/LaunchScreen.storyboard; sourceTree = "<group>"; };
		F71EC88C29CD122500757791 /* Info.plist */ = {isa = PBXFileReference; lastKnownFileType = text.plist.xml; path = Info.plist; sourceTree = "<group>"; };
		F71EC89B29CDE31700757791 /* GoogleService-Info.plist */ = {isa = PBXFileReference; fileEncoding = 4; lastKnownFileType = text.plist.xml; path = "GoogleService-Info.plist"; sourceTree = "<group>"; };
		F71EC8A329CDE4CF00757791 /* FeedViewController.swift */ = {isa = PBXFileReference; lastKnownFileType = sourcecode.swift; path = FeedViewController.swift; sourceTree = "<group>"; };
		F71EC8A529CDE58E00757791 /* UploadViewController.swift */ = {isa = PBXFileReference; lastKnownFileType = sourcecode.swift; path = UploadViewController.swift; sourceTree = "<group>"; };
		F71EC8A729CDE5D600757791 /* SettingsViewController.swift */ = {isa = PBXFileReference; lastKnownFileType = sourcecode.swift; path = SettingsViewController.swift; sourceTree = "<group>"; };
/* End PBXFileReference section */

/* Begin PBXFrameworksBuildPhase section */
		F71EC87829CD122400757791 /* Frameworks */ = {
			isa = PBXFrameworksBuildPhase;
			buildActionMask = 2147483647;
			files = (
				F71EC89429CD125600757791 /* FirebaseAnalytics in Frameworks */,
				F71EC89A29CD125600757791 /* FirebaseStorage in Frameworks */,
				F71EC89629CD125600757791 /* FirebaseAuth in Frameworks */,
				F71EC89829CD125600757791 /* FirebaseFirestore in Frameworks */,
			);
			runOnlyForDeploymentPostprocessing = 0;
		};
/* End PBXFrameworksBuildPhase section */

/* Begin PBXGroup section */
		F71EC87229CD122400757791 = {
			isa = PBXGroup;
			children = (
				F71EC87D29CD122400757791 /* InstaCloneFirebase */,
				F71EC87C29CD122400757791 /* Products */,
			);
			sourceTree = "<group>";
		};
		F71EC87C29CD122400757791 /* Products */ = {
			isa = PBXGroup;
			children = (
				F71EC87B29CD122400757791 /* InstaCloneFirebase.app */,
			);
			name = Products;
			sourceTree = "<group>";
		};
		F71EC87D29CD122400757791 /* InstaCloneFirebase */ = {
			isa = PBXGroup;
			children = (
				F71EC87E29CD122400757791 /* AppDelegate.swift */,
				F71EC88029CD122400757791 /* SceneDelegate.swift */,
				F71EC88229CD122400757791 /* ViewController.swift */,
				F71EC8A529CDE58E00757791 /* UploadViewController.swift */,
				F71EC8A329CDE4CF00757791 /* FeedViewController.swift */,
				F71EC8A729CDE5D600757791 /* SettingsViewController.swift */,
				F71EC88429CD122400757791 /* Main.storyboard */,
				F71EC88729CD122500757791 /* Assets.xcassets */,
				F71EC88929CD122500757791 /* LaunchScreen.storyboard */,
				F71EC88C29CD122500757791 /* Info.plist */,
				F71EC89B29CDE31700757791 /* GoogleService-Info.plist */,
			);
			path = InstaCloneFirebase;
			sourceTree = "<group>";
		};
/* End PBXGroup section */

/* Begin PBXNativeTarget section */
		F71EC87A29CD122400757791 /* InstaCloneFirebase */ = {
			isa = PBXNativeTarget;
			buildConfigurationList = F71EC88F29CD122500757791 /* Build configuration list for PBXNativeTarget "InstaCloneFirebase" */;
			buildPhases = (
				F71EC87729CD122400757791 /* Sources */,
				F71EC87829CD122400757791 /* Frameworks */,
				F71EC87929CD122400757791 /* Resources */,
			);
			buildRules = (
			);
			dependencies = (
			);
			name = InstaCloneFirebase;
			packageProductDependencies = (
				F71EC89329CD125600757791 /* FirebaseAnalytics */,
				F71EC89529CD125600757791 /* FirebaseAuth */,
				F71EC89729CD125600757791 /* FirebaseFirestore */,
				F71EC89929CD125600757791 /* FirebaseStorage */,
			);
			productName = InstaCloneFirebase;
			productReference = F71EC87B29CD122400757791 /* InstaCloneFirebase.app */;
			productType = "com.apple.product-type.application";
		};
/* End PBXNativeTarget section */

/* Begin PBXProject section */
		F71EC87329CD122400757791 /* Project object */ = {
			isa = PBXProject;
			attributes = {
				BuildIndependentTargetsInParallel = 1;
				LastSwiftUpdateCheck = 1420;
				LastUpgradeCheck = 1420;
				TargetAttributes = {
					F71EC87A29CD122400757791 = {
						CreatedOnToolsVersion = 14.2;
					};
				};
			};
			buildConfigurationList = F71EC87629CD122400757791 /* Build configuration list for PBXProject "InstaCloneFirebase" */;
			compatibilityVersion = "Xcode 14.0";
			developmentRegion = en;
			hasScannedForEncodings = 0;
			knownRegions = (
				en,
				Base,
			);
			mainGroup = F71EC87229CD122400757791;
			packageReferences = (
				F71EC89229CD125600757791 /* XCRemoteSwiftPackageReference "firebase-ios-sdk" */,
			);
			productRefGroup = F71EC87C29CD122400757791 /* Products */;
			projectDirPath = "";
			projectRoot = "";
			targets = (
				F71EC87A29CD122400757791 /* InstaCloneFirebase */,
			);
		};
/* End PBXProject section */

/* Begin PBXResourcesBuildPhase section */
		F71EC87929CD122400757791 /* Resources */ = {
			isa = PBXResourcesBuildPhase;
			buildActionMask = 2147483647;
			files = (
				F71EC88B29CD122500757791 /* LaunchScreen.storyboard in Resources */,
				F71EC89C29CDE31700757791 /* GoogleService-Info.plist in Resources */,
				F71EC88829CD122500757791 /* Assets.xcassets in Resources */,
				F71EC88629CD122400757791 /* Main.storyboard in Resources */,
			);
			runOnlyForDeploymentPostprocessing = 0;
		};
/* End PBXResourcesBuildPhase section */

/* Begin PBXSourcesBuildPhase section */
		F71EC87729CD122400757791 /* Sources */ = {
			isa = PBXSourcesBuildPhase;
			buildActionMask = 2147483647;
			files = (
				F71EC88329CD122400757791 /* ViewController.swift in Sources */,
				F71EC8A629CDE58E00757791 /* UploadViewController.swift in Sources */,
				F71EC87F29CD122400757791 /* AppDelegate.swift in Sources */,
				F71EC8A429CDE4CF00757791 /* FeedViewController.swift in Sources */,
				F71EC88129CD122400757791 /* SceneDelegate.swift in Sources */,
				F71EC8A829CDE5D600757791 /* SettingsViewController.swift in Sources */,
			);
			runOnlyForDeploymentPostprocessing = 0;
		};
/* End PBXSourcesBuildPhase section */

/* Begin PBXVariantGroup section */
		F71EC88429CD122400757791 /* Main.storyboard */ = {
			isa = PBXVariantGroup;
			children = (
				F71EC88529CD122400757791 /* Base */,
			);
			name = Main.storyboard;
			sourceTree = "<group>";
		};
		F71EC88929CD122500757791 /* LaunchScreen.storyboard */ = {
			isa = PBXVariantGroup;
			children = (
				F71EC88A29CD122500757791 /* Base */,
			);
			name = LaunchScreen.storyboard;
			sourceTree = "<group>";
		};
/* End PBXVariantGroup section */

/* Begin XCBuildConfiguration section */
		F71EC88D29CD122500757791 /* Debug */ = {
			isa = XCBuildConfiguration;
			buildSettings = {
				ALWAYS_SEARCH_USER_PATHS = NO;
				CLANG_ANALYZER_NONNULL = YES;
				CLANG_ANALYZER_NUMBER_OBJECT_CONVERSION = YES_AGGRESSIVE;
				CLANG_CXX_LANGUAGE_STANDARD = "gnu++20";
				CLANG_ENABLE_MODULES = YES;
				CLANG_ENABLE_OBJC_ARC = YES;
				CLANG_ENABLE_OBJC_WEAK = YES;
				CLANG_WARN_BLOCK_CAPTURE_AUTORELEASING = YES;
				CLANG_WARN_BOOL_CONVERSION = YES;
				CLANG_WARN_COMMA = YES;
				CLANG_WARN_CONSTANT_CONVERSION = YES;
				CLANG_WARN_DEPRECATED_OBJC_IMPLEMENTATIONS = YES;
				CLANG_WARN_DIRECT_OBJC_ISA_USAGE = YES_ERROR;
				CLANG_WARN_DOCUMENTATION_COMMENTS = YES;
				CLANG_WARN_EMPTY_BODY = YES;
				CLANG_WARN_ENUM_CONVERSION = YES;
				CLANG_WARN_INFINITE_RECURSION = YES;
				CLANG_WARN_INT_CONVERSION = YES;
				CLANG_WARN_NON_LITERAL_NULL_CONVERSION = YES;
				CLANG_WARN_OBJC_IMPLICIT_RETAIN_SELF = YES;
				CLANG_WARN_OBJC_LITERAL_CONVERSION = YES;
				CLANG_WARN_OBJC_ROOT_CLASS = YES_ERROR;
				CLANG_WARN_QUOTED_INCLUDE_IN_FRAMEWORK_HEADER = YES;
				CLANG_WARN_RANGE_LOOP_ANALYSIS = YES;
				CLANG_WARN_STRICT_PROTOTYPES = YES;
				CLANG_WARN_SUSPICIOUS_MOVE = YES;
				CLANG_WARN_UNGUARDED_AVAILABILITY = YES_AGGRESSIVE;
				CLANG_WARN_UNREACHABLE_CODE = YES;
				CLANG_WARN__DUPLICATE_METHOD_MATCH = YES;
				COPY_PHASE_STRIP = NO;
				DEBUG_INFORMATION_FORMAT = dwarf;
				ENABLE_STRICT_OBJC_MSGSEND = YES;
				ENABLE_TESTABILITY = YES;
				GCC_C_LANGUAGE_STANDARD = gnu11;
				GCC_DYNAMIC_NO_PIC = NO;
				GCC_NO_COMMON_BLOCKS = YES;
				GCC_OPTIMIZATION_LEVEL = 0;
				GCC_PREPROCESSOR_DEFINITIONS = (
					"DEBUG=1",
					"$(inherited)",
				);
				GCC_WARN_64_TO_32_BIT_CONVERSION = YES;
				GCC_WARN_ABOUT_RETURN_TYPE = YES_ERROR;
				GCC_WARN_UNDECLARED_SELECTOR = YES;
				GCC_WARN_UNINITIALIZED_AUTOS = YES_AGGRESSIVE;
				GCC_WARN_UNUSED_FUNCTION = YES;
				GCC_WARN_UNUSED_VARIABLE = YES;
				IPHONEOS_DEPLOYMENT_TARGET = 16.2;
				MTL_ENABLE_DEBUG_INFO = INCLUDE_SOURCE;
				MTL_FAST_MATH = YES;
				ONLY_ACTIVE_ARCH = YES;
				SDKROOT = iphoneos;
				SWIFT_ACTIVE_COMPILATION_CONDITIONS = DEBUG;
				SWIFT_OPTIMIZATION_LEVEL = "-Onone";
			};
			name = Debug;
		};
		F71EC88E29CD122500757791 /* Release */ = {
			isa = XCBuildConfiguration;
			buildSettings = {
				ALWAYS_SEARCH_USER_PATHS = NO;
				CLANG_ANALYZER_NONNULL = YES;
				CLANG_ANALYZER_NUMBER_OBJECT_CONVERSION = YES_AGGRESSIVE;
				CLANG_CXX_LANGUAGE_STANDARD = "gnu++20";
				CLANG_ENABLE_MODULES = YES;
				CLANG_ENABLE_OBJC_ARC = YES;
				CLANG_ENABLE_OBJC_WEAK = YES;
				CLANG_WARN_BLOCK_CAPTURE_AUTORELEASING = YES;
				CLANG_WARN_BOOL_CONVERSION = YES;
				CLANG_WARN_COMMA = YES;
				CLANG_WARN_CONSTANT_CONVERSION = YES;
				CLANG_WARN_DEPRECATED_OBJC_IMPLEMENTATIONS = YES;
				CLANG_WARN_DIRECT_OBJC_ISA_USAGE = YES_ERROR;
				CLANG_WARN_DOCUMENTATION_COMMENTS = YES;
				CLANG_WARN_EMPTY_BODY = YES;
				CLANG_WARN_ENUM_CONVERSION = YES;
				CLANG_WARN_INFINITE_RECURSION = YES;
				CLANG_WARN_INT_CONVERSION = YES;
				CLANG_WARN_NON_LITERAL_NULL_CONVERSION = YES;
				CLANG_WARN_OBJC_IMPLICIT_RETAIN_SELF = YES;
				CLANG_WARN_OBJC_LITERAL_CONVERSION = YES;
				CLANG_WARN_OBJC_ROOT_CLASS = YES_ERROR;
				CLANG_WARN_QUOTED_INCLUDE_IN_FRAMEWORK_HEADER = YES;
				CLANG_WARN_RANGE_LOOP_ANALYSIS = YES;
				CLANG_WARN_STRICT_PROTOTYPES = YES;
				CLANG_WARN_SUSPICIOUS_MOVE = YES;
				CLANG_WARN_UNGUARDED_AVAILABILITY = YES_AGGRESSIVE;
				CLANG_WARN_UNREACHABLE_CODE = YES;
				CLANG_WARN__DUPLICATE_METHOD_MATCH = YES;
				COPY_PHASE_STRIP = NO;
				DEBUG_INFORMATION_FORMAT = "dwarf-with-dsym";
				ENABLE_NS_ASSERTIONS = NO;
				ENABLE_STRICT_OBJC_MSGSEND = YES;
				GCC_C_LANGUAGE_STANDARD = gnu11;
				GCC_NO_COMMON_BLOCKS = YES;
				GCC_WARN_64_TO_32_BIT_CONVERSION = YES;
				GCC_WARN_ABOUT_RETURN_TYPE = YES_ERROR;
				GCC_WARN_UNDECLARED_SELECTOR = YES;
				GCC_WARN_UNINITIALIZED_AUTOS = YES_AGGRESSIVE;
				GCC_WARN_UNUSED_FUNCTION = YES;
				GCC_WARN_UNUSED_VARIABLE = YES;
				IPHONEOS_DEPLOYMENT_TARGET = 16.2;
				MTL_ENABLE_DEBUG_INFO = NO;
				MTL_FAST_MATH = YES;
				SDKROOT = iphoneos;
				SWIFT_COMPILATION_MODE = wholemodule;
				SWIFT_OPTIMIZATION_LEVEL = "-O";
				VALIDATE_PRODUCT = YES;
			};
			name = Release;
		};
		F71EC89029CD122500757791 /* Debug */ = {
			isa = XCBuildConfiguration;
			buildSettings = {
				ASSETCATALOG_COMPILER_APPICON_NAME = AppIcon;
				ASSETCATALOG_COMPILER_GLOBAL_ACCENT_COLOR_NAME = AccentColor;
				CODE_SIGN_STYLE = Automatic;
				CURRENT_PROJECT_VERSION = 1;
				DEVELOPMENT_TEAM = 25789MU4RT;
				GENERATE_INFOPLIST_FILE = YES;
				INFOPLIST_FILE = InstaCloneFirebase/Info.plist;
				INFOPLIST_KEY_UIApplicationSupportsIndirectInputEvents = YES;
				INFOPLIST_KEY_UILaunchStoryboardName = LaunchScreen;
				INFOPLIST_KEY_UIMainStoryboardFile = Main;
				INFOPLIST_KEY_UISupportedInterfaceOrientations_iPad = "UIInterfaceOrientationPortrait UIInterfaceOrientationPortraitUpsideDown UIInterfaceOrientationLandscapeLeft UIInterfaceOrientationLandscapeRight";
				INFOPLIST_KEY_UISupportedInterfaceOrientations_iPhone = "UIInterfaceOrientationPortrait UIInterfaceOrientationLandscapeLeft UIInterfaceOrientationLandscapeRight";
				LD_RUNPATH_SEARCH_PATHS = (
					"$(inherited)",
					"@executable_path/Frameworks",
				);
				MARKETING_VERSION = 1.0;
				PRODUCT_BUNDLE_IDENTIFIER = com.kerux.InstaCloneFirebase;
				PRODUCT_NAME = "$(TARGET_NAME)";
				SWIFT_EMIT_LOC_STRINGS = YES;
				SWIFT_VERSION = 5.0;
				TARGETED_DEVICE_FAMILY = "1,2";
			};
			name = Debug;
		};
		F71EC89129CD122500757791 /* Release */ = {
			isa = XCBuildConfiguration;
			buildSettings = {
				ASSETCATALOG_COMPILER_APPICON_NAME = AppIcon;
				ASSETCATALOG_COMPILER_GLOBAL_ACCENT_COLOR_NAME = AccentColor;
				CODE_SIGN_STYLE = Automatic;
				CURRENT_PROJECT_VERSION = 1;
				DEVELOPMENT_TEAM = 25789MU4RT;
				GENERATE_INFOPLIST_FILE = YES;
				INFOPLIST_FILE = InstaCloneFirebase/Info.plist;
				INFOPLIST_KEY_UIApplicationSupportsIndirectInputEvents = YES;
				INFOPLIST_KEY_UILaunchStoryboardName = LaunchScreen;
				INFOPLIST_KEY_UIMainStoryboardFile = Main;
				INFOPLIST_KEY_UISupportedInterfaceOrientations_iPad = "UIInterfaceOrientationPortrait UIInterfaceOrientationPortraitUpsideDown UIInterfaceOrientationLandscapeLeft UIInterfaceOrientationLandscapeRight";
				INFOPLIST_KEY_UISupportedInterfaceOrientations_iPhone = "UIInterfaceOrientationPortrait UIInterfaceOrientationLandscapeLeft UIInterfaceOrientationLandscapeRight";
				LD_RUNPATH_SEARCH_PATHS = (
					"$(inherited)",
					"@executable_path/Frameworks",
				);
				MARKETING_VERSION = 1.0;
				PRODUCT_BUNDLE_IDENTIFIER = com.kerux.InstaCloneFirebase;
				PRODUCT_NAME = "$(TARGET_NAME)";
				SWIFT_EMIT_LOC_STRINGS = YES;
				SWIFT_VERSION = 5.0;
				TARGETED_DEVICE_FAMILY = "1,2";
			};
			name = Release;
		};
/* End XCBuildConfiguration section */

/* Begin XCConfigurationList section */
		F71EC87629CD122400757791 /* Build configuration list for PBXProject "InstaCloneFirebase" */ = {
			isa = XCConfigurationList;
			buildConfigurations = (
				F71EC88D29CD122500757791 /* Debug */,
				F71EC88E29CD122500757791 /* Release */,
			);
			defaultConfigurationIsVisible = 0;
			defaultConfigurationName = Release;
		};
		F71EC88F29CD122500757791 /* Build configuration list for PBXNativeTarget "InstaCloneFirebase" */ = {
			isa = XCConfigurationList;
			buildConfigurations = (
				F71EC89029CD122500757791 /* Debug */,
				F71EC89129CD122500757791 /* Release */,
			);
			defaultConfigurationIsVisible = 0;
			defaultConfigurationName = Release;
		};
/* End XCConfigurationList section */

/* Begin XCRemoteSwiftPackageReference section */
		F71EC89229CD125600757791 /* XCRemoteSwiftPackageReference "firebase-ios-sdk" */ = {
			isa = XCRemoteSwiftPackageReference;
			repositoryURL = "https://github.com/firebase/firebase-ios-sdk.git";
			requirement = {
				branch = master;
				kind = branch;
			};
		};
/* End XCRemoteSwiftPackageReference section */

/* Begin XCSwiftPackageProductDependency section */
		F71EC89329CD125600757791 /* FirebaseAnalytics */ = {
			isa = XCSwiftPackageProductDependency;
			package = F71EC89229CD125600757791 /* XCRemoteSwiftPackageReference "firebase-ios-sdk" */;
			productName = FirebaseAnalytics;
		};
		F71EC89529CD125600757791 /* FirebaseAuth */ = {
			isa = XCSwiftPackageProductDependency;
			package = F71EC89229CD125600757791 /* XCRemoteSwiftPackageReference "firebase-ios-sdk" */;
			productName = FirebaseAuth;
		};
		F71EC89729CD125600757791 /* FirebaseFirestore */ = {
			isa = XCSwiftPackageProductDependency;
			package = F71EC89229CD125600757791 /* XCRemoteSwiftPackageReference "firebase-ios-sdk" */;
			productName = FirebaseFirestore;
		};
		F71EC89929CD125600757791 /* FirebaseStorage */ = {
			isa = XCSwiftPackageProductDependency;
			package = F71EC89229CD125600757791 /* XCRemoteSwiftPackageReference "firebase-ios-sdk" */;
			productName = FirebaseStorage;
		};
/* End XCSwiftPackageProductDependency section */
	};
	rootObject = F71EC87329CD122400757791 /* Project object */;
}
